
Microsoft Visual Studio Solution File, Format Version 12.00
# Visual Studio 15
VisualStudioVersion = 15.0.28307.645
MinimumVisualStudioVersion = 10.0.40219.1
Project("{FAE04EC0-301F-11D3-BF4B-00C04F79EFBC}") = "GamesReviewWebsite", "GamesReviewWebsite\GamesReviewWebsite.csproj", "{8CCEBF23-F65F-4407-B0D1-AE5DF136B77B}"
EndProject
Project("{FAE04EC0-301F-11D3-BF4B-00C04F79EFBC}") = "GamesReviewWebsite.Tests", "GamesReviewWebsite.Tests\GamesReviewWebsite.Tests.csproj", "{572A6D5D-6AC7-466F-9D6C-7E597F2B7FD6}"
EndProject
Global
	GlobalSection(SolutionConfigurationPlatforms) = preSolution
		Debug|Any CPU = Debug|Any CPU
		Release|Any CPU = Release|Any CPU
	EndGlobalSection
	GlobalSection(ProjectConfigurationPlatforms) = postSolution
		{8CCEBF23-F65F-4407-B0D1-AE5DF136B77B}.Debug|Any CPU.ActiveCfg = Debug|Any CPU
		{8CCEBF23-F65F-4407-B0D1-AE5DF136B77B}.Debug|Any CPU.Build.0 = Debug|Any CPU
		{8CCEBF23-F65F-4407-B0D1-AE5DF136B77B}.Release|Any CPU.ActiveCfg = Release|Any CPU
		{8CCEBF23-F65F-4407-B0D1-AE5DF136B77B}.Release|Any CPU.Build.0 = Release|Any CPU
		{572A6D5D-6AC7-466F-9D6C-7E597F2B7FD6}.Debug|Any CPU.ActiveCfg = Debug|Any CPU
		{572A6D5D-6AC7-466F-9D6C-7E597F2B7FD6}.Debug|Any CPU.Build.0 = Debug|Any CPU
		{572A6D5D-6AC7-466F-9D6C-7E597F2B7FD6}.Release|Any CPU.ActiveCfg = Release|Any CPU
		{572A6D5D-6AC7-466F-9D6C-7E597F2B7FD6}.Release|Any CPU.Build.0 = Release|Any CPU
	EndGlobalSection
	GlobalSection(SolutionProperties) = preSolution
		HideSolutionNode = FALSE
	EndGlobalSection
	GlobalSection(ExtensibilityGlobals) = postSolution
		SolutionGuid = {974D695E-39A2-4AE8-AA85-4A2FD484EBED}
	EndGlobalSection
EndGlobal
