
Microsoft Visual Studio Solution File, Format Version 12.00
# Visual Studio 15
VisualStudioVersion = 15.0.28307.645
MinimumVisualStudioVersion = 10.0.40219.1
Project("{E24C65DC-7377-472B-9ABA-BC803B73C61A}") = "GamesReviewWebsite", "GamesReviewWebsite\", "{2C50244D-6CA4-4F67-AD5C-499153480B81}"
	ProjectSection(WebsiteProperties) = preProject
		TargetFrameworkMoniker = ".NETFramework,Version%3Dv4.6.1"
		Debug.AspNetCompiler.VirtualPath = "/localhost_3889"
		Debug.AspNetCompiler.PhysicalPath = "GamesReviewWebsite\"
		Debug.AspNetCompiler.TargetPath = "PrecompiledWeb\localhost_3889\"
		Debug.AspNetCompiler.Updateable = "true"
		Debug.AspNetCompiler.ForceOverwrite = "true"
		Debug.AspNetCompiler.FixedNames = "false"
		Debug.AspNetCompiler.Debug = "True"
		Release.AspNetCompiler.VirtualPath = "/localhost_3889"
		Release.AspNetCompiler.PhysicalPath = "GamesReviewWebsite\"
		Release.AspNetCompiler.TargetPath = "PrecompiledWeb\localhost_3889\"
		Release.AspNetCompiler.Updateable = "true"
		Release.AspNetCompiler.ForceOverwrite = "true"
		Release.AspNetCompiler.FixedNames = "false"
		Release.AspNetCompiler.Debug = "False"
		VWDPort = "3889"
		SlnRelativePath = "GamesReviewWebsite\"
		DefaultWebSiteLanguage = "Visual C#"
	EndProjectSection
EndProject
Global
	GlobalSection(SolutionConfigurationPlatforms) = preSolution
		Debug|Any CPU = Debug|Any CPU
	EndGlobalSection
	GlobalSection(ProjectConfigurationPlatforms) = postSolution
		{2C50244D-6CA4-4F67-AD5C-499153480B81}.Debug|Any CPU.ActiveCfg = Debug|Any CPU
		{2C50244D-6CA4-4F67-AD5C-499153480B81}.Debug|Any CPU.Build.0 = Debug|Any CPU
	EndGlobalSection
	GlobalSection(SolutionProperties) = preSolution
		HideSolutionNode = FALSE
	EndGlobalSection
	GlobalSection(ExtensibilityGlobals) = postSolution
		SolutionGuid = {145A6376-7A2A-48B6-8277-AF8821BE1EB2}
	EndGlobalSection
EndGlobal
